
Microsoft Visual Studio Solution File, Format Version 12.00
Project("{FAE04EC0-301F-11D3-BF4B-00C04F79EFBC}") = "DotNetSolutionsMerger", "DotNetSolutionsMerger.csproj", "{73935325-5465-4E11-BE2F-B68A55F95003}"
EndProject
Global
	GlobalSection(SolutionConfigurationPlatforms) = preSolution
		Debug|Any CPU = Debug|Any CPU
		Release|Any CPU = Release|Any CPU
	EndGlobalSection
	GlobalSection(ProjectConfigurationPlatforms) = postSolution
		{73935325-5465-4E11-BE2F-B68A55F95003}.Debug|Any CPU.ActiveCfg = Debug|Any CPU
		{73935325-5465-4E11-BE2F-B68A55F95003}.Debug|Any CPU.Build.0 = Debug|Any CPU
		{73935325-5465-4E11-BE2F-B68A55F95003}.Release|Any CPU.ActiveCfg = Release|Any CPU
		{73935325-5465-4E11-BE2F-B68A55F95003}.Release|Any CPU.Build.0 = Release|Any CPU
	EndGlobalSection
EndGlobal
